
Microsoft Visual Studio Solution File, Format Version 12.00
# Visual Studio Version 17
VisualStudioVersion = 17.0.31903.59
MinimumVisualStudioVersion = 10.0.40219.1
Project("{FAE04EC0-301F-11D3-BF4B-00C04F79EFBC}") = "MiraiNote.API", "MiraiNote.API\MiraiNote.API.csproj", "{5E1BE0B8-5FA3-441E-B68D-8D7D2158045B}"
EndProject
Project("{FAE04EC0-301F-11D3-BF4B-00C04F79EFBC}") = "MiraiNote.Core", "MiraiNote.Core\MiraiNote.Core.csproj", "{EEF1A51E-CFCB-4E63-89F6-08B3DBDC26E8}"
EndProject
Project("{FAE04EC0-301F-11D3-BF4B-00C04F79EFBC}") = "MiraiNote.Data", "MiraiNote.Data\MiraiNote.Data.csproj", "{0395293C-772C-4880-85AD-16A6379294F2}"
EndProject
Project("{FAE04EC0-301F-11D3-BF4B-00C04F79EFBC}") = "MiraiNote.Shared", "MiraiNote.Shared\MiraiNote.Shared.csproj", "{AA917859-4DC4-45CC-BE46-9846C0E0ECDC}"
EndProject
Project("{FAE04EC0-301F-11D3-BF4B-00C04F79EFBC}") = "MiraiNote.CLI", "MiraiNote.CLI\MiraiNote.CLI.csproj", "{45179ACA-8E5C-47B1-A6B2-42E2A3241C4B}"
EndProject
Project("{FAE04EC0-301F-11D3-BF4B-00C04F79EFBC}") = "MiraiNote.Tests", "MiraiNote.Tests\MiraiNote.Tests.csproj", "{385DB57F-60D9-4F93-9264-D07E5D5CF0C7}"
EndProject
Global
	GlobalSection(SolutionConfigurationPlatforms) = preSolution
		Debug|Any CPU = Debug|Any CPU
		Debug|x64 = Debug|x64
		Debug|x86 = Debug|x86
		Release|Any CPU = Release|Any CPU
		Release|x64 = Release|x64
		Release|x86 = Release|x86
	EndGlobalSection
	GlobalSection(ProjectConfigurationPlatforms) = postSolution
		{5E1BE0B8-5FA3-441E-B68D-8D7D2158045B}.Debug|Any CPU.ActiveCfg = Debug|Any CPU
		{5E1BE0B8-5FA3-441E-B68D-8D7D2158045B}.Debug|Any CPU.Build.0 = Debug|Any CPU
		{5E1BE0B8-5FA3-441E-B68D-8D7D2158045B}.Debug|x64.ActiveCfg = Debug|Any CPU
		{5E1BE0B8-5FA3-441E-B68D-8D7D2158045B}.Debug|x64.Build.0 = Debug|Any CPU
		{5E1BE0B8-5FA3-441E-B68D-8D7D2158045B}.Debug|x86.ActiveCfg = Debug|Any CPU
		{5E1BE0B8-5FA3-441E-B68D-8D7D2158045B}.Debug|x86.Build.0 = Debug|Any CPU
		{5E1BE0B8-5FA3-441E-B68D-8D7D2158045B}.Release|Any CPU.ActiveCfg = Release|Any CPU
		{5E1BE0B8-5FA3-441E-B68D-8D7D2158045B}.Release|Any CPU.Build.0 = Release|Any CPU
		{5E1BE0B8-5FA3-441E-B68D-8D7D2158045B}.Release|x64.ActiveCfg = Release|Any CPU
		{5E1BE0B8-5FA3-441E-B68D-8D7D2158045B}.Release|x64.Build.0 = Release|Any CPU
		{5E1BE0B8-5FA3-441E-B68D-8D7D2158045B}.Release|x86.ActiveCfg = Release|Any CPU
		{5E1BE0B8-5FA3-441E-B68D-8D7D2158045B}.Release|x86.Build.0 = Release|Any CPU
		{EEF1A51E-CFCB-4E63-89F6-08B3DBDC26E8}.Debug|Any CPU.ActiveCfg = Debug|Any CPU
		{EEF1A51E-CFCB-4E63-89F6-08B3DBDC26E8}.Debug|Any CPU.Build.0 = Debug|Any CPU
		{EEF1A51E-CFCB-4E63-89F6-08B3DBDC26E8}.Debug|x64.ActiveCfg = Debug|Any CPU
		{EEF1A51E-CFCB-4E63-89F6-08B3DBDC26E8}.Debug|x64.Build.0 = Debug|Any CPU
		{EEF1A51E-CFCB-4E63-89F6-08B3DBDC26E8}.Debug|x86.ActiveCfg = Debug|Any CPU
		{EEF1A51E-CFCB-4E63-89F6-08B3DBDC26E8}.Debug|x86.Build.0 = Debug|Any CPU
		{EEF1A51E-CFCB-4E63-89F6-08B3DBDC26E8}.Release|Any CPU.ActiveCfg = Release|Any CPU
		{EEF1A51E-CFCB-4E63-89F6-08B3DBDC26E8}.Release|Any CPU.Build.0 = Release|Any CPU
		{EEF1A51E-CFCB-4E63-89F6-08B3DBDC26E8}.Release|x64.ActiveCfg = Release|Any CPU
		{EEF1A51E-CFCB-4E63-89F6-08B3DBDC26E8}.Release|x64.Build.0 = Release|Any CPU
		{EEF1A51E-CFCB-4E63-89F6-08B3DBDC26E8}.Release|x86.ActiveCfg = Release|Any CPU
		{EEF1A51E-CFCB-4E63-89F6-08B3DBDC26E8}.Release|x86.Build.0 = Release|Any CPU
		{0395293C-772C-4880-85AD-16A6379294F2}.Debug|Any CPU.ActiveCfg = Debug|Any CPU
		{0395293C-772C-4880-85AD-16A6379294F2}.Debug|Any CPU.Build.0 = Debug|Any CPU
		{0395293C-772C-4880-85AD-16A6379294F2}.Debug|x64.ActiveCfg = Debug|Any CPU
		{0395293C-772C-4880-85AD-16A6379294F2}.Debug|x64.Build.0 = Debug|Any CPU
		{0395293C-772C-4880-85AD-16A6379294F2}.Debug|x86.ActiveCfg = Debug|Any CPU
		{0395293C-772C-4880-85AD-16A6379294F2}.Debug|x86.Build.0 = Debug|Any CPU
		{0395293C-772C-4880-85AD-16A6379294F2}.Release|Any CPU.ActiveCfg = Release|Any CPU
		{0395293C-772C-4880-85AD-16A6379294F2}.Release|Any CPU.Build.0 = Release|Any CPU
		{0395293C-772C-4880-85AD-16A6379294F2}.Release|x64.ActiveCfg = Release|Any CPU
		{0395293C-772C-4880-85AD-16A6379294F2}.Release|x64.Build.0 = Release|Any CPU
		{0395293C-772C-4880-85AD-16A6379294F2}.Release|x86.ActiveCfg = Release|Any CPU
		{0395293C-772C-4880-85AD-16A6379294F2}.Release|x86.Build.0 = Release|Any CPU
		{AA917859-4DC4-45CC-BE46-9846C0E0ECDC}.Debug|Any CPU.ActiveCfg = Debug|Any CPU
		{AA917859-4DC4-45CC-BE46-9846C0E0ECDC}.Debug|Any CPU.Build.0 = Debug|Any CPU
		{AA917859-4DC4-45CC-BE46-9846C0E0ECDC}.Debug|x64.ActiveCfg = Debug|Any CPU
		{AA917859-4DC4-45CC-BE46-9846C0E0ECDC}.Debug|x64.Build.0 = Debug|Any CPU
		{AA917859-4DC4-45CC-BE46-9846C0E0ECDC}.Debug|x86.ActiveCfg = Debug|Any CPU
		{AA917859-4DC4-45CC-BE46-9846C0E0ECDC}.Debug|x86.Build.0 = Debug|Any CPU
		{AA917859-4DC4-45CC-BE46-9846C0E0ECDC}.Release|Any CPU.ActiveCfg = Release|Any CPU
		{AA917859-4DC4-45CC-BE46-9846C0E0ECDC}.Release|Any CPU.Build.0 = Release|Any CPU
		{AA917859-4DC4-45CC-BE46-9846C0E0ECDC}.Release|x64.ActiveCfg = Release|Any CPU
		{AA917859-4DC4-45CC-BE46-9846C0E0ECDC}.Release|x64.Build.0 = Release|Any CPU
		{AA917859-4DC4-45CC-BE46-9846C0E0ECDC}.Release|x86.ActiveCfg = Release|Any CPU
		{AA917859-4DC4-45CC-BE46-9846C0E0ECDC}.Release|x86.Build.0 = Release|Any CPU
		{45179ACA-8E5C-47B1-A6B2-42E2A3241C4B}.Debug|Any CPU.ActiveCfg = Debug|Any CPU
		{45179ACA-8E5C-47B1-A6B2-42E2A3241C4B}.Debug|Any CPU.Build.0 = Debug|Any CPU
		{45179ACA-8E5C-47B1-A6B2-42E2A3241C4B}.Debug|x64.ActiveCfg = Debug|Any CPU
		{45179ACA-8E5C-47B1-A6B2-42E2A3241C4B}.Debug|x64.Build.0 = Debug|Any CPU
		{45179ACA-8E5C-47B1-A6B2-42E2A3241C4B}.Debug|x86.ActiveCfg = Debug|Any CPU
		{45179ACA-8E5C-47B1-A6B2-42E2A3241C4B}.Debug|x86.Build.0 = Debug|Any CPU
		{45179ACA-8E5C-47B1-A6B2-42E2A3241C4B}.Release|Any CPU.ActiveCfg = Release|Any CPU
		{45179ACA-8E5C-47B1-A6B2-42E2A3241C4B}.Release|Any CPU.Build.0 = Release|Any CPU
		{45179ACA-8E5C-47B1-A6B2-42E2A3241C4B}.Release|x64.ActiveCfg = Release|Any CPU
		{45179ACA-8E5C-47B1-A6B2-42E2A3241C4B}.Release|x64.Build.0 = Release|Any CPU
		{45179ACA-8E5C-47B1-A6B2-42E2A3241C4B}.Release|x86.ActiveCfg = Release|Any CPU
		{45179ACA-8E5C-47B1-A6B2-42E2A3241C4B}.Release|x86.Build.0 = Release|Any CPU
		{385DB57F-60D9-4F93-9264-D07E5D5CF0C7}.Debug|Any CPU.ActiveCfg = Debug|Any CPU
		{385DB57F-60D9-4F93-9264-D07E5D5CF0C7}.Debug|Any CPU.Build.0 = Debug|Any CPU
		{385DB57F-60D9-4F93-9264-D07E5D5CF0C7}.Debug|x64.ActiveCfg = Debug|Any CPU
		{385DB57F-60D9-4F93-9264-D07E5D5CF0C7}.Debug|x64.Build.0 = Debug|Any CPU
		{385DB57F-60D9-4F93-9264-D07E5D5CF0C7}.Debug|x86.ActiveCfg = Debug|Any CPU
		{385DB57F-60D9-4F93-9264-D07E5D5CF0C7}.Debug|x86.Build.0 = Debug|Any CPU
		{385DB57F-60D9-4F93-9264-D07E5D5CF0C7}.Release|Any CPU.ActiveCfg = Release|Any CPU
		{385DB57F-60D9-4F93-9264-D07E5D5CF0C7}.Release|Any CPU.Build.0 = Release|Any CPU
		{385DB57F-60D9-4F93-9264-D07E5D5CF0C7}.Release|x64.ActiveCfg = Release|Any CPU
		{385DB57F-60D9-4F93-9264-D07E5D5CF0C7}.Release|x64.Build.0 = Release|Any CPU
		{385DB57F-60D9-4F93-9264-D07E5D5CF0C7}.Release|x86.ActiveCfg = Release|Any CPU
		{385DB57F-60D9-4F93-9264-D07E5D5CF0C7}.Release|x86.Build.0 = Release|Any CPU
	EndGlobalSection
	GlobalSection(SolutionProperties) = preSolution
		HideSolutionNode = FALSE
	EndGlobalSection
EndGlobal
